{
  "version": "5",
  "redirects": {
    "https://esm.sh/@supabase/supabase-js@2": "https://esm.sh/@supabase/supabase-js@2.110.6",
    "https://esm.sh/@types/web-push@~3.6.4/index.d.ts": "https://esm.sh/@types/web-push@3.6.4/index.d.ts"
  },
  "remote": {
    "https://deno.land/std@0.168.0/async/abortable.ts": "80b2ac399f142cc528f95a037a7d0e653296352d95c681e284533765961de409",
    "https://deno.land/std@0.168.0/async/deadline.ts": "2c2deb53c7c28ca1dda7a3ad81e70508b1ebc25db52559de6b8636c9278fd41f",
    "https://deno.land/std@0.168.0/async/debounce.ts": "60301ffb37e730cd2d6f9dadfd0ecb2a38857681bd7aaf6b0a106b06e5210a98",
    "https://deno.land/std@0.168.0/async/deferred.ts": "77d3f84255c3627f1cc88699d8472b664d7635990d5358c4351623e098e917d6",
    "https://deno.land/std@0.168.0/async/delay.ts": "5a9bfba8de38840308a7a33786a0155a7f6c1f7a859558ddcec5fe06e16daf57",
    "https://deno.land/std@0.168.0/async/mod.ts": "7809ad4bb223e40f5fdc043e5c7ca04e0e25eed35c32c3c32e28697c553fa6d9",
    "https://deno.land/std@0.168.0/async/mux_async_iterator.ts": "770a0ff26c59f8bbbda6b703a2235f04e379f73238e8d66a087edc68c2a2c35f",
    "https://deno.land/std@0.168.0/async/pool.ts": "6854d8cd675a74c73391c82005cbbe4cc58183bddcd1fbbd7c2bcda42b61cf69",
    "https://deno.land/std@0.168.0/async/retry.ts": "e8e5173623915bbc0ddc537698fa418cf875456c347eda1ed453528645b42e67",
    "https://deno.land/std@0.168.0/async/tee.ts": "3a47cc4e9a940904fd4341f0224907e199121c80b831faa5ec2b054c6d2eff5e",
    "https://deno.land/std@0.168.0/http/server.ts": "e99c1bee8a3f6571ee4cdeb2966efad465b8f6fe62bec1bdb59c1f007cc4d155",
    "https://esm.sh/@supabase/supabase-js@2.110.6": "c7330c52c7c1b6215fd602626401ab0ff93bc7a7b75c77ffa80497de1a1733ee",
    "https://esm.sh/web-push@3.6.7": "e3c6dacc6581629be7433797d5fe1f756ad12d3f8732f97c9b71129affd90906"
  },
  "workspace": {
    "packageJson": {
      "dependencies": [
        "npm:@biomejs/biome@2.4.5",
        "npm:@faker-js/faker@^10.3.0",
        "npm:@floating-ui/dom@^1.8.0",
        "npm:@hookform/resolvers@^5.9.1",
        "npm:@playwright/test@^1.62.1",
        "npm:@prisma/adapter-pg@^7.4.2",
        "npm:@prisma/client@^7.4.2",
        "npm:@radix-ui/react-accordion@^1.2.20",
        "npm:@radix-ui/react-alert-dialog@^1.1.23",
        "npm:@radix-ui/react-aspect-ratio@^1.1.15",
        "npm:@radix-ui/react-avatar@^1.2.6",
        "npm:@radix-ui/react-checkbox@^1.3.11",
        "npm:@radix-ui/react-collapsible@^1.1.20",
        "npm:@radix-ui/react-context-menu@^2.3.7",
        "npm:@radix-ui/react-dialog@^1.1.23",
        "npm:@radix-ui/react-dropdown-menu@^2.1.24",
        "npm:@radix-ui/react-hover-card@^1.1.23",
        "npm:@radix-ui/react-label@^2.1.15",
        "npm:@radix-ui/react-menubar@^1.1.24",
        "npm:@radix-ui/react-navigation-menu@^1.2.22",
        "npm:@radix-ui/react-popover@^1.1.23",
        "npm:@radix-ui/react-progress@^1.1.16",
        "npm:@radix-ui/react-radio-group@^1.4.7",
        "npm:@radix-ui/react-scroll-area@^1.2.18",
        "npm:@radix-ui/react-select@^2.3.7",
        "npm:@radix-ui/react-separator@^1.1.15",
        "npm:@radix-ui/react-slider@^1.4.7",
        "npm:@radix-ui/react-slot@^1.3.3",
        "npm:@radix-ui/react-switch@^1.3.7",
        "npm:@radix-ui/react-tabs@^1.1.21",
        "npm:@radix-ui/react-toast@^1.2.23",
        "npm:@radix-ui/react-toggle-group@^1.1.19",
        "npm:@radix-ui/react-toggle@^1.1.18",
        "npm:@radix-ui/react-tooltip@^1.2.16",
        "npm:@sentry/nextjs@^10.70.0",
        "npm:@simplewebauthn/browser@^13.3.0",
        "npm:@simplewebauthn/server@^13.3.2",
        "npm:@socket.io/redis-adapter@8.3.0",
        "npm:@stripe/stripe-js@^9.14.0",
        "npm:@supabase/auth-helpers-nextjs@0.15",
        "npm:@supabase/middleware@0.5",
        "npm:@supabase/realtime-js@^2.116.0",
        "npm:@supabase/server@^1.6.0",
        "npm:@supabase/ssr@~0.12.4",
        "npm:@supabase/supabase-js@^2.112.3",
        "npm:@tailwindcss/forms@~0.5.11",
        "npm:@tailwindcss/postcss@^4.3.3",
        "npm:@tailwindcss/typography@~0.5.16",
        "npm:@tailwindcss/vite@^4.1.18",
        "npm:@tanstack/ai-anthropic@0.17.1",
        "npm:@tanstack/ai-client@0.26.0",
        "npm:@tanstack/ai-gemini@0.25.1",
        "npm:@tanstack/ai-ollama@0.9.4",
        "npm:@tanstack/ai-openai@0.21.1",
        "npm:@tanstack/ai-react@0.21.3",
        "npm:@tanstack/ai@0.48.0",
        "npm:@tanstack/devtools-event-client@0.5.0",
        "npm:@tanstack/devtools-vite@0.8.5",
        "npm:@tanstack/match-sorter-utils@9.1.2",
        "npm:@tanstack/react-devtools@0.10.12",
        "npm:@tanstack/react-query-devtools@5.102.0",
        "npm:@tanstack/react-query@5.102.0",
        "npm:@tanstack/react-router-devtools@1.167.1",
        "npm:@tanstack/react-router-ssr-query@1.167.1",
        "npm:@tanstack/react-router@1.170.32",
        "npm:@tanstack/react-start@1.168.49",
        "npm:@tanstack/react-store@0.11.1",
        "npm:@tanstack/react-table@^8.21.0",
        "npm:@tanstack/router-cli@1.167.33",
        "npm:@tanstack/store@0.11.1",
        "npm:@testing-library/jest-dom@^7.0.1",
        "npm:@types/leaflet@^1.9.22",
        "npm:@types/node@^22.10.2",
        "npm:@types/pg@8.18.0",
        "npm:@types/react-dom@^19.2.0",
        "npm:@types/react@^19.2.0",
        "npm:@upstash/ratelimit@^2.0.8",
        "npm:@upstash/redis@^1.38.2",
        "npm:@vercel/analytics@^2.0.1",
        "npm:@vitejs/plugin-react@^6.0.1",
        "npm:@webgpu/types@~0.1.72",
        "npm:bcryptjs@^3.0.3",
        "npm:better-auth@^1.5.3",
        "npm:class-variance-authority@~0.7.1",
        "npm:clsx@^2.1.1",
        "npm:cmdk@^1.1.1",
        "npm:date-fns@^4.4.0",
        "npm:dompurify@^3.4.14",
        "npm:dotenv-cli@11",
        "npm:embla-carousel-react@^8.6.0",
        "npm:eslint@^9.39.5",
        "npm:framer-motion@^13.1.1",
        "npm:fuse.js@^7.5.0",
        "npm:h3-js@^4.5.0",
        "npm:highlight.js@^11.11.1",
        "npm:immer@^11.1.18",
        "npm:input-otp@^1.5.0",
        "npm:jose@^6.2.10",
        "npm:leaflet@^1.9.4",
        "npm:lodash@^4.18.1",
        "npm:lucide-react@0.577",
        "npm:maplibre-gl@^6.5.0",
        "npm:next-themes@~0.4.6",
        "npm:node-addon-api@^8.9.2",
        "npm:node-gyp@^13.0.1",
        "npm:pino-pretty@^13.1.3",
        "npm:pino@^10.3.1",
        "npm:playwright-core@^1.62.1",
        "npm:playwright@^1.62.1",
        "npm:postgres@^3.4.9",
        "npm:posthog-js@^1.418.10",
        "npm:prisma@^7.4.2",
        "npm:proper-lockfile@^4.1.2",
        "npm:qrcode.react@^4.2.0",
        "npm:react-day-picker@^10.0.1",
        "npm:react-dom@^19.2.0",
        "npm:react-hook-form@^7.86.0",
        "npm:react-resizable-panels@^4.12.3",
        "npm:react@^19.2.0",
        "npm:resend@^6.22.0",
        "npm:sharp@~0.35.3",
        "npm:socket.io-client@^4.8.3",
        "npm:socket.io@^4.8.3",
        "npm:sonner@^2.0.8",
        "npm:streamdown@^2.3.0",
        "npm:superjson@^2.2.6",
        "npm:tailwind-merge@^3.0.2",
        "npm:tailwindcss@^4.1.18",
        "npm:tsx@^4.21.0",
        "npm:tw-animate-css@^1.3.6",
        "npm:typescript@^6.0.2",
        "npm:vaul@^1.1.2",
        "npm:vite@8",
        "npm:vitest@^3.2.7",
        "npm:web-push@^3.6.7",
        "npm:zod@^4.3.6",
        "npm:zustand@5"
      ]
    }
  }
}
